
Microsoft Visual Studio Solution File, Format Version 12.00
# Visual Studio Version 17
VisualStudioVersion = 17.0.31903.59
MinimumVisualStudioVersion = 10.0.40219.1
Project("{FAE04EC0-301F-11D3-BF4B-00C04F79EFBC}") = "TodoList.Tests", "TodoList.Tests\TodoList.Tests.csproj", "{E5615D21-2BFD-460A-B8CB-B1D661749B00}"
EndProject
Project("{FAE04EC0-301F-11D3-BF4B-00C04F79EFBC}") = "TodoList.Api", "TodoList.Api\TodoList.Api.csproj", "{91E74404-EB61-4208-8D64-5A4B62682F1C}"
EndProject
Project("{FAE04EC0-301F-11D3-BF4B-00C04F79EFBC}") = "TodoList.Web", "TodoList.Web\TodoList.Web.csproj", "{736524D7-5F8F-430B-9540-575352C86F0A}"
EndProject
Project("{FAE04EC0-301F-11D3-BF4B-00C04F79EFBC}") = "TodoList.AppHost", "TodoList.AppHost\TodoList.AppHost.csproj", "{C322A4CD-AC59-4934-B3D7-5E24D64A4199}"
EndProject
Project("{FAE04EC0-301F-11D3-BF4B-00C04F79EFBC}") = "TodoList.ServiceDefaults", "TodoList.ServiceDefaults\TodoList.ServiceDefaults.csproj", "{9681C58E-A520-41D7-9D07-B78AC2F7D90C}"
EndProject
Project("{FAE04EC0-301F-11D3-BF4B-00C04F79EFBC}") = "TodoList.Mcp.Tools", "TodoList.Mcp.Tools\TodoList.Mcp.Tools.csproj", "{20C3BF6D-C900-4D6F-9570-DD1995DF218D}"
EndProject
Project("{FAE04EC0-301F-11D3-BF4B-00C04F79EFBC}") = "TodoList.Mcp.Composite", "TodoList.Mcp.Composite\TodoList.Mcp.Composite.csproj", "{E4ABFF49-ECCE-44B2-97D0-B76962F35A37}"
EndProject
Project("{FAE04EC0-301F-11D3-BF4B-00C04F79EFBC}") = "TodoList.IntegrationTests", "TodoList.IntegrationTests\TodoList.IntegrationTests.csproj", "{A1BE8CCB-A02C-4D12-ADA0-94BDFCB6A34B}"
EndProject
Project("{FAE04EC0-301F-11D3-BF4B-00C04F79EFBC}") = "TodoList.Domain", "TodoList.Domain\TodoList.Domain.csproj", "{5CF5E34C-0694-4C61-A261-CC58717E75CC}"
EndProject
Global
	GlobalSection(SolutionConfigurationPlatforms) = preSolution
		Debug|Any CPU = Debug|Any CPU
		Debug|x64 = Debug|x64
		Debug|x86 = Debug|x86
		Release|Any CPU = Release|Any CPU
		Release|x64 = Release|x64
		Release|x86 = Release|x86
	EndGlobalSection
	GlobalSection(ProjectConfigurationPlatforms) = postSolution
		{E5615D21-2BFD-460A-B8CB-B1D661749B00}.Debug|Any CPU.ActiveCfg = Debug|Any CPU
		{E5615D21-2BFD-460A-B8CB-B1D661749B00}.Debug|Any CPU.Build.0 = Debug|Any CPU
		{E5615D21-2BFD-460A-B8CB-B1D661749B00}.Debug|x64.ActiveCfg = Debug|Any CPU
		{E5615D21-2BFD-460A-B8CB-B1D661749B00}.Debug|x64.Build.0 = Debug|Any CPU
		{E5615D21-2BFD-460A-B8CB-B1D661749B00}.Debug|x86.ActiveCfg = Debug|Any CPU
		{E5615D21-2BFD-460A-B8CB-B1D661749B00}.Debug|x86.Build.0 = Debug|Any CPU
		{E5615D21-2BFD-460A-B8CB-B1D661749B00}.Release|Any CPU.ActiveCfg = Release|Any CPU
		{E5615D21-2BFD-460A-B8CB-B1D661749B00}.Release|Any CPU.Build.0 = Release|Any CPU
		{E5615D21-2BFD-460A-B8CB-B1D661749B00}.Release|x64.ActiveCfg = Release|Any CPU
		{E5615D21-2BFD-460A-B8CB-B1D661749B00}.Release|x64.Build.0 = Release|Any CPU
		{E5615D21-2BFD-460A-B8CB-B1D661749B00}.Release|x86.ActiveCfg = Release|Any CPU
		{E5615D21-2BFD-460A-B8CB-B1D661749B00}.Release|x86.Build.0 = Release|Any CPU
		{91E74404-EB61-4208-8D64-5A4B62682F1C}.Debug|Any CPU.ActiveCfg = Debug|Any CPU
		{91E74404-EB61-4208-8D64-5A4B62682F1C}.Debug|Any CPU.Build.0 = Debug|Any CPU
		{91E74404-EB61-4208-8D64-5A4B62682F1C}.Debug|x64.ActiveCfg = Debug|Any CPU
		{91E74404-EB61-4208-8D64-5A4B62682F1C}.Debug|x64.Build.0 = Debug|Any CPU
		{91E74404-EB61-4208-8D64-5A4B62682F1C}.Debug|x86.ActiveCfg = Debug|Any CPU
		{91E74404-EB61-4208-8D64-5A4B62682F1C}.Debug|x86.Build.0 = Debug|Any CPU
		{91E74404-EB61-4208-8D64-5A4B62682F1C}.Release|Any CPU.ActiveCfg = Release|Any CPU
		{91E74404-EB61-4208-8D64-5A4B62682F1C}.Release|Any CPU.Build.0 = Release|Any CPU
		{91E74404-EB61-4208-8D64-5A4B62682F1C}.Release|x64.ActiveCfg = Release|Any CPU
		{91E74404-EB61-4208-8D64-5A4B62682F1C}.Release|x64.Build.0 = Release|Any CPU
		{91E74404-EB61-4208-8D64-5A4B62682F1C}.Release|x86.ActiveCfg = Release|Any CPU
		{91E74404-EB61-4208-8D64-5A4B62682F1C}.Release|x86.Build.0 = Release|Any CPU
		{736524D7-5F8F-430B-9540-575352C86F0A}.Debug|Any CPU.ActiveCfg = Debug|Any CPU
		{736524D7-5F8F-430B-9540-575352C86F0A}.Debug|Any CPU.Build.0 = Debug|Any CPU
		{736524D7-5F8F-430B-9540-575352C86F0A}.Debug|x64.ActiveCfg = Debug|Any CPU
		{736524D7-5F8F-430B-9540-575352C86F0A}.Debug|x64.Build.0 = Debug|Any CPU
		{736524D7-5F8F-430B-9540-575352C86F0A}.Debug|x86.ActiveCfg = Debug|Any CPU
		{736524D7-5F8F-430B-9540-575352C86F0A}.Debug|x86.Build.0 = Debug|Any CPU
		{736524D7-5F8F-430B-9540-575352C86F0A}.Release|Any CPU.ActiveCfg = Release|Any CPU
		{736524D7-5F8F-430B-9540-575352C86F0A}.Release|Any CPU.Build.0 = Release|Any CPU
		{736524D7-5F8F-430B-9540-575352C86F0A}.Release|x64.ActiveCfg = Release|Any CPU
		{736524D7-5F8F-430B-9540-575352C86F0A}.Release|x64.Build.0 = Release|Any CPU
		{736524D7-5F8F-430B-9540-575352C86F0A}.Release|x86.ActiveCfg = Release|Any CPU
		{736524D7-5F8F-430B-9540-575352C86F0A}.Release|x86.Build.0 = Release|Any CPU
		{C322A4CD-AC59-4934-B3D7-5E24D64A4199}.Debug|Any CPU.ActiveCfg = Debug|Any CPU
		{C322A4CD-AC59-4934-B3D7-5E24D64A4199}.Debug|Any CPU.Build.0 = Debug|Any CPU
		{C322A4CD-AC59-4934-B3D7-5E24D64A4199}.Debug|x64.ActiveCfg = Debug|Any CPU
		{C322A4CD-AC59-4934-B3D7-5E24D64A4199}.Debug|x64.Build.0 = Debug|Any CPU
		{C322A4CD-AC59-4934-B3D7-5E24D64A4199}.Debug|x86.ActiveCfg = Debug|Any CPU
		{C322A4CD-AC59-4934-B3D7-5E24D64A4199}.Debug|x86.Build.0 = Debug|Any CPU
		{C322A4CD-AC59-4934-B3D7-5E24D64A4199}.Release|Any CPU.ActiveCfg = Release|Any CPU
		{C322A4CD-AC59-4934-B3D7-5E24D64A4199}.Release|Any CPU.Build.0 = Release|Any CPU
		{C322A4CD-AC59-4934-B3D7-5E24D64A4199}.Release|x64.ActiveCfg = Release|Any CPU
		{C322A4CD-AC59-4934-B3D7-5E24D64A4199}.Release|x64.Build.0 = Release|Any CPU
		{C322A4CD-AC59-4934-B3D7-5E24D64A4199}.Release|x86.ActiveCfg = Release|Any CPU
		{C322A4CD-AC59-4934-B3D7-5E24D64A4199}.Release|x86.Build.0 = Release|Any CPU
		{9681C58E-A520-41D7-9D07-B78AC2F7D90C}.Debug|Any CPU.ActiveCfg = Debug|Any CPU
		{9681C58E-A520-41D7-9D07-B78AC2F7D90C}.Debug|Any CPU.Build.0 = Debug|Any CPU
		{9681C58E-A520-41D7-9D07-B78AC2F7D90C}.Debug|x64.ActiveCfg = Debug|Any CPU
		{9681C58E-A520-41D7-9D07-B78AC2F7D90C}.Debug|x64.Build.0 = Debug|Any CPU
		{9681C58E-A520-41D7-9D07-B78AC2F7D90C}.Debug|x86.ActiveCfg = Debug|Any CPU
		{9681C58E-A520-41D7-9D07-B78AC2F7D90C}.Debug|x86.Build.0 = Debug|Any CPU
		{9681C58E-A520-41D7-9D07-B78AC2F7D90C}.Release|Any CPU.ActiveCfg = Release|Any CPU
		{9681C58E-A520-41D7-9D07-B78AC2F7D90C}.Release|Any CPU.Build.0 = Release|Any CPU
		{9681C58E-A520-41D7-9D07-B78AC2F7D90C}.Release|x64.ActiveCfg = Release|Any CPU
		{9681C58E-A520-41D7-9D07-B78AC2F7D90C}.Release|x64.Build.0 = Release|Any CPU
		{9681C58E-A520-41D7-9D07-B78AC2F7D90C}.Release|x86.ActiveCfg = Release|Any CPU
		{9681C58E-A520-41D7-9D07-B78AC2F7D90C}.Release|x86.Build.0 = Release|Any CPU
		{20C3BF6D-C900-4D6F-9570-DD1995DF218D}.Debug|Any CPU.ActiveCfg = Debug|Any CPU
		{20C3BF6D-C900-4D6F-9570-DD1995DF218D}.Debug|Any CPU.Build.0 = Debug|Any CPU
		{20C3BF6D-C900-4D6F-9570-DD1995DF218D}.Debug|x64.ActiveCfg = Debug|Any CPU
		{20C3BF6D-C900-4D6F-9570-DD1995DF218D}.Debug|x64.Build.0 = Debug|Any CPU
		{20C3BF6D-C900-4D6F-9570-DD1995DF218D}.Debug|x86.ActiveCfg = Debug|Any CPU
		{20C3BF6D-C900-4D6F-9570-DD1995DF218D}.Debug|x86.Build.0 = Debug|Any CPU
		{20C3BF6D-C900-4D6F-9570-DD1995DF218D}.Release|Any CPU.ActiveCfg = Release|Any CPU
		{20C3BF6D-C900-4D6F-9570-DD1995DF218D}.Release|Any CPU.Build.0 = Release|Any CPU
		{20C3BF6D-C900-4D6F-9570-DD1995DF218D}.Release|x64.ActiveCfg = Release|Any CPU
		{20C3BF6D-C900-4D6F-9570-DD1995DF218D}.Release|x64.Build.0 = Release|Any CPU
		{20C3BF6D-C900-4D6F-9570-DD1995DF218D}.Release|x86.ActiveCfg = Release|Any CPU
		{20C3BF6D-C900-4D6F-9570-DD1995DF218D}.Release|x86.Build.0 = Release|Any CPU
		{E4ABFF49-ECCE-44B2-97D0-B76962F35A37}.Debug|Any CPU.ActiveCfg = Debug|Any CPU
		{E4ABFF49-ECCE-44B2-97D0-B76962F35A37}.Debug|Any CPU.Build.0 = Debug|Any CPU
		{E4ABFF49-ECCE-44B2-97D0-B76962F35A37}.Debug|x64.ActiveCfg = Debug|Any CPU
		{E4ABFF49-ECCE-44B2-97D0-B76962F35A37}.Debug|x64.Build.0 = Debug|Any CPU
		{E4ABFF49-ECCE-44B2-97D0-B76962F35A37}.Debug|x86.ActiveCfg = Debug|Any CPU
		{E4ABFF49-ECCE-44B2-97D0-B76962F35A37}.Debug|x86.Build.0 = Debug|Any CPU
		{E4ABFF49-ECCE-44B2-97D0-B76962F35A37}.Release|Any CPU.ActiveCfg = Release|Any CPU
		{E4ABFF49-ECCE-44B2-97D0-B76962F35A37}.Release|Any CPU.Build.0 = Release|Any CPU
		{E4ABFF49-ECCE-44B2-97D0-B76962F35A37}.Release|x64.ActiveCfg = Release|Any CPU
		{E4ABFF49-ECCE-44B2-97D0-B76962F35A37}.Release|x64.Build.0 = Release|Any CPU
		{E4ABFF49-ECCE-44B2-97D0-B76962F35A37}.Release|x86.ActiveCfg = Release|Any CPU
		{E4ABFF49-ECCE-44B2-97D0-B76962F35A37}.Release|x86.Build.0 = Release|Any CPU
		{A1BE8CCB-A02C-4D12-ADA0-94BDFCB6A34B}.Debug|Any CPU.ActiveCfg = Debug|Any CPU
		{A1BE8CCB-A02C-4D12-ADA0-94BDFCB6A34B}.Debug|Any CPU.Build.0 = Debug|Any CPU
		{A1BE8CCB-A02C-4D12-ADA0-94BDFCB6A34B}.Debug|x64.ActiveCfg = Debug|Any CPU
		{A1BE8CCB-A02C-4D12-ADA0-94BDFCB6A34B}.Debug|x64.Build.0 = Debug|Any CPU
		{A1BE8CCB-A02C-4D12-ADA0-94BDFCB6A34B}.Debug|x86.ActiveCfg = Debug|Any CPU
		{A1BE8CCB-A02C-4D12-ADA0-94BDFCB6A34B}.Debug|x86.Build.0 = Debug|Any CPU
		{A1BE8CCB-A02C-4D12-ADA0-94BDFCB6A34B}.Release|Any CPU.ActiveCfg = Release|Any CPU
		{A1BE8CCB-A02C-4D12-ADA0-94BDFCB6A34B}.Release|Any CPU.Build.0 = Release|Any CPU
		{A1BE8CCB-A02C-4D12-ADA0-94BDFCB6A34B}.Release|x64.ActiveCfg = Release|Any CPU
		{A1BE8CCB-A02C-4D12-ADA0-94BDFCB6A34B}.Release|x64.Build.0 = Release|Any CPU
		{A1BE8CCB-A02C-4D12-ADA0-94BDFCB6A34B}.Release|x86.ActiveCfg = Release|Any CPU
		{A1BE8CCB-A02C-4D12-ADA0-94BDFCB6A34B}.Release|x86.Build.0 = Release|Any CPU
		{5CF5E34C-0694-4C61-A261-CC58717E75CC}.Debug|Any CPU.ActiveCfg = Debug|Any CPU
		{5CF5E34C-0694-4C61-A261-CC58717E75CC}.Debug|Any CPU.Build.0 = Debug|Any CPU
		{5CF5E34C-0694-4C61-A261-CC58717E75CC}.Debug|x64.ActiveCfg = Debug|Any CPU
		{5CF5E34C-0694-4C61-A261-CC58717E75CC}.Debug|x64.Build.0 = Debug|Any CPU
		{5CF5E34C-0694-4C61-A261-CC58717E75CC}.Debug|x86.ActiveCfg = Debug|Any CPU
		{5CF5E34C-0694-4C61-A261-CC58717E75CC}.Debug|x86.Build.0 = Debug|Any CPU
		{5CF5E34C-0694-4C61-A261-CC58717E75CC}.Release|Any CPU.ActiveCfg = Release|Any CPU
		{5CF5E34C-0694-4C61-A261-CC58717E75CC}.Release|Any CPU.Build.0 = Release|Any CPU
		{5CF5E34C-0694-4C61-A261-CC58717E75CC}.Release|x64.ActiveCfg = Release|Any CPU
		{5CF5E34C-0694-4C61-A261-CC58717E75CC}.Release|x64.Build.0 = Release|Any CPU
		{5CF5E34C-0694-4C61-A261-CC58717E75CC}.Release|x86.ActiveCfg = Release|Any CPU
		{5CF5E34C-0694-4C61-A261-CC58717E75CC}.Release|x86.Build.0 = Release|Any CPU
	EndGlobalSection
	GlobalSection(SolutionProperties) = preSolution
		HideSolutionNode = FALSE
	EndGlobalSection
EndGlobal
